
Microsoft Visual Studio Solution File, Format Version 12.00
# Visual Studio Version 17
VisualStudioVersion = 17.12.35527.113 d17.12
MinimumVisualStudioVersion = 10.0.40219.1
Project("{FAE04EC0-301F-11D3-BF4B-00C04F79EFBC}") = "AspNetCoreIdentityApp.Web", "AspNetCoreIdentityApp.Web\AspNetCoreIdentityApp.Web.csproj", "{98738E6B-E354-4D16-8C9C-BAB13ED64F0A}"
EndProject
Global
	GlobalSection(SolutionConfigurationPlatforms) = preSolution
		Debug|Any CPU = Debug|Any CPU
		Release|Any CPU = Release|Any CPU
	EndGlobalSection
	GlobalSection(ProjectConfigurationPlatforms) = postSolution
		{98738E6B-E354-4D16-8C9C-BAB13ED64F0A}.Debug|Any CPU.ActiveCfg = Debug|Any CPU
		{98738E6B-E354-4D16-8C9C-BAB13ED64F0A}.Debug|Any CPU.Build.0 = Debug|Any CPU
		{98738E6B-E354-4D16-8C9C-BAB13ED64F0A}.Release|Any CPU.ActiveCfg = Release|Any CPU
		{98738E6B-E354-4D16-8C9C-BAB13ED64F0A}.Release|Any CPU.Build.0 = Release|Any CPU
	EndGlobalSection
	GlobalSection(SolutionProperties) = preSolution
		HideSolutionNode = FALSE
	EndGlobalSection
EndGlobal
